
Microsoft Visual Studio Solution File, Format Version 12.00
# Visual Studio Version 16
VisualStudioVersion = 16.0.29306.81
MinimumVisualStudioVersion = 10.0.40219.1
Project("{FAE04EC0-301F-11D3-BF4B-00C04F79EFBC}") = "IterationMethods", "OverRelaxation\IterationMethods.csproj", "{9EDCB8A7-D55D-4AB6-9298-DCBA43D17DBA}"
EndProject
Global
	GlobalSection(SolutionConfigurationPlatforms) = preSolution
		Debug|Any CPU = Debug|Any CPU
		Release|Any CPU = Release|Any CPU
	EndGlobalSection
	GlobalSection(ProjectConfigurationPlatforms) = postSolution
		{9EDCB8A7-D55D-4AB6-9298-DCBA43D17DBA}.Debug|Any CPU.ActiveCfg = Debug|Any CPU
		{9EDCB8A7-D55D-4AB6-9298-DCBA43D17DBA}.Debug|Any CPU.Build.0 = Debug|Any CPU
		{9EDCB8A7-D55D-4AB6-9298-DCBA43D17DBA}.Release|Any CPU.ActiveCfg = Release|Any CPU
		{9EDCB8A7-D55D-4AB6-9298-DCBA43D17DBA}.Release|Any CPU.Build.0 = Release|Any CPU
	EndGlobalSection
	GlobalSection(SolutionProperties) = preSolution
		HideSolutionNode = FALSE
	EndGlobalSection
	GlobalSection(ExtensibilityGlobals) = postSolution
		SolutionGuid = {5F8C5A53-51F5-46C1-B71C-449167F8312B}
	EndGlobalSection
EndGlobal
